
Microsoft Visual Studio Solution File, Format Version 12.00
# Visual Studio 15
VisualStudioVersion = 15.0.28307.645
MinimumVisualStudioVersion = 10.0.40219.1
Project("{FAE04EC0-301F-11D3-BF4B-00C04F79EFBC}") = "Entity", "Entity\Entity.csproj", "{C66C2B09-4C9F-4D24-8CD2-B1616264B57C}"
EndProject
Project("{FAE04EC0-301F-11D3-BF4B-00C04F79EFBC}") = "BLL", "BLL\BLL.csproj", "{DA8E3D87-4E71-4C2F-B6A1-AC92083C3B36}"
EndProject
Project("{FAE04EC0-301F-11D3-BF4B-00C04F79EFBC}") = "BLL_Tests", "BLL_Tests\BLL_Tests.csproj", "{DDCEF1FE-8D0C-437C-9C48-6D6D63D0CBC8}"
EndProject
Project("{FAE04EC0-301F-11D3-BF4B-00C04F79EFBC}") = "DAL", "DAL\DAL.csproj", "{595F7E75-33C6-41C8-A04A-EA7CEFD484B1}"
EndProject
Global
	GlobalSection(SolutionConfigurationPlatforms) = preSolution
		Debug|Any CPU = Debug|Any CPU
		Release|Any CPU = Release|Any CPU
	EndGlobalSection
	GlobalSection(ProjectConfigurationPlatforms) = postSolution
		{C66C2B09-4C9F-4D24-8CD2-B1616264B57C}.Debug|Any CPU.ActiveCfg = Debug|Any CPU
		{C66C2B09-4C9F-4D24-8CD2-B1616264B57C}.Debug|Any CPU.Build.0 = Debug|Any CPU
		{C66C2B09-4C9F-4D24-8CD2-B1616264B57C}.Release|Any CPU.ActiveCfg = Release|Any CPU
		{C66C2B09-4C9F-4D24-8CD2-B1616264B57C}.Release|Any CPU.Build.0 = Release|Any CPU
		{DA8E3D87-4E71-4C2F-B6A1-AC92083C3B36}.Debug|Any CPU.ActiveCfg = Debug|Any CPU
		{DA8E3D87-4E71-4C2F-B6A1-AC92083C3B36}.Debug|Any CPU.Build.0 = Debug|Any CPU
		{DA8E3D87-4E71-4C2F-B6A1-AC92083C3B36}.Release|Any CPU.ActiveCfg = Release|Any CPU
		{DA8E3D87-4E71-4C2F-B6A1-AC92083C3B36}.Release|Any CPU.Build.0 = Release|Any CPU
		{DDCEF1FE-8D0C-437C-9C48-6D6D63D0CBC8}.Debug|Any CPU.ActiveCfg = Debug|Any CPU
		{DDCEF1FE-8D0C-437C-9C48-6D6D63D0CBC8}.Debug|Any CPU.Build.0 = Debug|Any CPU
		{DDCEF1FE-8D0C-437C-9C48-6D6D63D0CBC8}.Release|Any CPU.ActiveCfg = Release|Any CPU
		{DDCEF1FE-8D0C-437C-9C48-6D6D63D0CBC8}.Release|Any CPU.Build.0 = Release|Any CPU
		{595F7E75-33C6-41C8-A04A-EA7CEFD484B1}.Debug|Any CPU.ActiveCfg = Debug|Any CPU
		{595F7E75-33C6-41C8-A04A-EA7CEFD484B1}.Debug|Any CPU.Build.0 = Debug|Any CPU
		{595F7E75-33C6-41C8-A04A-EA7CEFD484B1}.Release|Any CPU.ActiveCfg = Release|Any CPU
		{595F7E75-33C6-41C8-A04A-EA7CEFD484B1}.Release|Any CPU.Build.0 = Release|Any CPU
	EndGlobalSection
	GlobalSection(SolutionProperties) = preSolution
		HideSolutionNode = FALSE
	EndGlobalSection
	GlobalSection(ExtensibilityGlobals) = postSolution
		SolutionGuid = {56825875-A09E-4DFE-BB65-4E9FCDC13AE0}
	EndGlobalSection
EndGlobal
